// !$*UTF8*$!
{
	archiveVersion = 1;
	classes = {
	};
	objectVersion = 46;
	objects = {

/* Begin PBXBuildFile section */
		26C554651B04E1A2006CD92D /* main.m in Sources */ = {isa = PBXBuildFile; fileRef = 26C554641B04E1A2006CD92D /* main.m */; };
		26C554681B04E1A2006CD92D /* AppDelegate.m in Sources */ = {isa = PBXBuildFile; fileRef = 26C554671B04E1A2006CD92D /* AppDelegate.m */; };
		26C5546B1B04E1A2006CD92D /* ViewController.m in Sources */ = {isa = PBXBuildFile; fileRef = 26C5546A1B04E1A2006CD92D /* ViewController.m */; };
		26C5546E1B04E1A2006CD92D /* Main.storyboard in Resources */ = {isa = PBXBuildFile; fileRef = 26C5546C1B04E1A2006CD92D /* Main.storyboard */; };
		26C554701B04E1A2006CD92D /* Images.xcassets in Resources */ = {isa = PBXBuildFile; fileRef = 26C5546F1B04E1A2006CD92D /* Images.xcassets */; };
		26C554731B04E1A2006CD92D /* LaunchScreen.xib in Resources */ = {isa = PBXBuildFile; fileRef = 26C554711B04E1A2006CD92D /* LaunchScreen.xib */; };
		26C5547F1B04E1A2006CD92D /* SwitchLabbTests.m in Sources */ = {isa = PBXBuildFile; fileRef = 26C5547E1B04E1A2006CD92D /* SwitchLabbTests.m */; };
/* End PBXBuildFile section */

/* Begin PBXContainerItemProxy section */
		26C554791B04E1A2006CD92D /* PBXContainerItemProxy */ = {
			isa = PBXContainerItemProxy;
			containerPortal = 26C554571B04E1A2006CD92D /* Project object */;
			proxyType = 1;
			remoteGlobalIDString = 26C5545E1B04E1A2006CD92D;
			remoteInfo = SwitchLabb;
		};
/* End PBXContainerItemProxy section */

/* Begin PBXFileReference section */
		26C5545F1B04E1A2006CD92D /* SwitchLabb.app */ = {isa = PBXFileReference; explicitFileType = wrapper.application; includeInIndex = 0; path = SwitchLabb.app; sourceTree = BUILT_PRODUCTS_DIR; };
		26C554631B04E1A2006CD92D /* Info.plist */ = {isa = PBXFileReference; lastKnownFileType = text.plist.xml; path = Info.plist; sourceTree = "<group>"; };
		26C554641B04E1A2006CD92D /* main.m */ = {isa = PBXFileReference; lastKnownFileType = sourcecode.c.objc; path = main.m; sourceTree = "<group>"; };
		26C554661B04E1A2006CD92D /* AppDelegate.h */ = {isa = PBXFileReference; lastKnownFileType = sourcecode.c.h; path = AppDelegate.h; sourceTree = "<group>"; };
		26C554671B04E1A2006CD92D /* AppDelegate.m */ = {isa = PBXFileReference; lastKnownFileType = sourcecode.c.objc; path = AppDelegate.m; sourceTree = "<group>"; };
		26C554691B04E1A2006CD92D /* ViewController.h */ = {isa = PBXFileReference; lastKnownFileType = sourcecode.c.h; path = ViewController.h; sourceTree = "<group>"; };
		26C5546A1B04E1A2006CD92D /* ViewController.m */ = {isa = PBXFileReference; lastKnownFileType = sourcecode.c.objc; path = ViewController.m; sourceTree = "<group>"; };
		26C5546D1B04E1A2006CD92D /* Base */ = {isa = PBXFileReference; lastKnownFileType = file.storyboard; name = Base; path = Base.lproj/Main.storyboard; sourceTree = "<group>"; };
		26C5546F1B04E1A2006CD92D /* Images.xcassets */ = {isa = PBXFileReference; lastKnownFileType = folder.assetcatalog; path = Images.xcassets; sourceTree = "<group>"; };
		26C554721B04E1A2006CD92D /* Base */ = {isa = PBXFileReference; lastKnownFileType = file.xib; name = Base; path = Base.lproj/LaunchScreen.xib; sourceTree = "<group>"; };
		26C554781B04E1A2006CD92D /* SwitchLabbTests.xctest */ = {isa = PBXFileReference; explicitFileType = wrapper.cfbundle; includeInIndex = 0; path = SwitchLabbTests.xctest; sourceTree = BUILT_PRODUCTS_DIR; };
		26C5547D1B04E1A2006CD92D /* Info.plist */ = {isa = PBXFileReference; lastKnownFileType = text.plist.xml; path = Info.plist; sourceTree = "<group>"; };
		26C5547E1B04E1A2006CD92D /* SwitchLabbTests.m */ = {isa = PBXFileReference; lastKnownFileType = sourcecode.c.objc; path = SwitchLabbTests.m; sourceTree = "<group>"; };
/* End PBXFileReference section */

/* Begin PBXFrameworksBuildPhase section */
		26C5545C1B04E1A2006CD92D /* Frameworks */ = {
			isa = PBXFrameworksBuildPhase;
			buildActionMask = 2147483647;
			files = (
			);
			runOnlyForDeploymentPostprocessing = 0;
		};
		26C554751B04E1A2006CD92D /* Frameworks */ = {
			isa = PBXFrameworksBuildPhase;
			buildActionMask = 2147483647;
			files = (
			);
			runOnlyForDeploymentPostprocessing = 0;
		};
/* End PBXFrameworksBuildPhase section */

/* Begin PBXGroup section */
		26C554561B04E1A2006CD92D = {
			isa = PBXGroup;
			children = (
				26C554611B04E1A2006CD92D /* SwitchLabb */,
				26C5547B1B04E1A2006CD92D /* SwitchLabbTests */,
				26C554601B04E1A2006CD92D /* Products */,
			);
			sourceTree = "<group>";
		};
		26C554601B04E1A2006CD92D /* Products */ = {
			isa = PBXGroup;
			children = (
				26C5545F1B04E1A2006CD92D /* SwitchLabb.app */,
				26C554781B04E1A2006CD92D /* SwitchLabbTests.xctest */,
			);
			name = Products;
			sourceTree = "<group>";
		};
		26C554611B04E1A2006CD92D /* SwitchLabb */ = {
			isa = PBXGroup;
			children = (
				26C554661B04E1A2006CD92D /* AppDelegate.h */,
				26C554671B04E1A2006CD92D /* AppDelegate.m */,
				26C554691B04E1A2006CD92D /* ViewController.h */,
				26C5546A1B04E1A2006CD92D /* ViewController.m */,
				26C5546C1B04E1A2006CD92D /* Main.storyboard */,
				26C5546F1B04E1A2006CD92D /* Images.xcassets */,
				26C554711B04E1A2006CD92D /* LaunchScreen.xib */,
				26C554621B04E1A2006CD92D /* Supporting Files */,
			);
			path = SwitchLabb;
			sourceTree = "<group>";
		};
		26C554621B04E1A2006CD92D /* Supporting Files */ = {
			isa = PBXGroup;
			children = (
				26C554631B04E1A2006CD92D /* Info.plist */,
				26C554641B04E1A2006CD92D /* main.m */,
			);
			name = "Supporting Files";
			sourceTree = "<group>";
		};
		26C5547B1B04E1A2006CD92D /* SwitchLabbTests */ = {
			isa = PBXGroup;
			children = (
				26C5547E1B04E1A2006CD92D /* SwitchLabbTests.m */,
				26C5547C1B04E1A2006CD92D /* Supporting Files */,
			);
			path = SwitchLabbTests;
			sourceTree = "<group>";
		};
		26C5547C1B04E1A2006CD92D /* Supporting Files */ = {
			isa = PBXGroup;
			children = (
				26C5547D1B04E1A2006CD92D /* Info.plist */,
			);
			name = "Supporting Files";
			sourceTree = "<group>";
		};
/* End PBXGroup section */

/* Begin PBXNativeTarget section */
		26C5545E1B04E1A2006CD92D /* SwitchLabb */ = {
			isa = PBXNativeTarget;
			buildConfigurationList = 26C554821B04E1A2006CD92D /* Build configuration list for PBXNativeTarget "SwitchLabb" */;
			buildPhases = (
				26C5545B1B04E1A2006CD92D /* Sources */,
				26C5545C1B04E1A2006CD92D /* Frameworks */,
				26C5545D1B04E1A2006CD92D /* Resources */,
			);
			buildRules = (
			);
			dependencies = (
			);
			name = SwitchLabb;
			productName = SwitchLabb;
			productReference = 26C5545F1B04E1A2006CD92D /* SwitchLabb.app */;
			productType = "com.apple.product-type.application";
		};
		26C554771B04E1A2006CD92D /* SwitchLabbTests */ = {
			isa = PBXNativeTarget;
			buildConfigurationList = 26C554851B04E1A2006CD92D /* Build configuration list for PBXNativeTarget "SwitchLabbTests" */;
			buildPhases = (
				26C554741B04E1A2006CD92D /* Sources */,
				26C554751B04E1A2006CD92D /* Frameworks */,
				26C554761B04E1A2006CD92D /* Resources */,
			);
			buildRules = (
			);
			dependencies = (
				26C5547A1B04E1A2006CD92D /* PBXTargetDependency */,
			);
			name = SwitchLabbTests;
			productName = SwitchLabbTests;
			productReference = 26C554781B04E1A2006CD92D /* SwitchLabbTests.xctest */;
			productType = "com.apple.product-type.bundle.unit-test";
		};
/* End PBXNativeTarget section */

/* Begin PBXProject section */
		26C554571B04E1A2006CD92D /* Project object */ = {
			isa = PBXProject;
			attributes = {
				LastUpgradeCheck = 0630;
				ORGANIZATIONNAME = "Martin Borstrand";
				TargetAttributes = {
					26C5545E1B04E1A2006CD92D = {
						CreatedOnToolsVersion = 6.3;
					};
					26C554771B04E1A2006CD92D = {
						CreatedOnToolsVersion = 6.3;
						TestTargetID = 26C5545E1B04E1A2006CD92D;
					};
				};
			};
			buildConfigurationList = 26C5545A1B04E1A2006CD92D /* Build configuration list for PBXProject "SwitchLabb" */;
			compatibilityVersion = "Xcode 3.2";
			developmentRegion = English;
			hasScannedForEncodings = 0;
			knownRegions = (
				en,
				Base,
			);
			mainGroup = 26C554561B04E1A2006CD92D;
			productRefGroup = 26C554601B04E1A2006CD92D /* Products */;
			projectDirPath = "";
			projectRoot = "";
			targets = (
				26C5545E1B04E1A2006CD92D /* SwitchLabb */,
				26C554771B04E1A2006CD92D /* SwitchLabbTests */,
			);
		};
/* End PBXProject section */

/* Begin PBXResourcesBuildPhase section */
		26C5545D1B04E1A2006CD92D /* Resources */ = {
			isa = PBXResourcesBuildPhase;
			buildActionMask = 2147483647;
			files = (
				26C5546E1B04E1A2006CD92D /* Main.storyboard in Resources */,
				26C554731B04E1A2006CD92D /* LaunchScreen.xib in Resources */,
				26C554701B04E1A2006CD92D /* Images.xcassets in Resources */,
			);
			runOnlyForDeploymentPostprocessing = 0;
		};
		26C554761B04E1A2006CD92D /* Resources */ = {
			isa = PBXResourcesBuildPhase;
			buildActionMask = 2147483647;
			files = (
			);
			runOnlyForDeploymentPostprocessing = 0;
		};
/* End PBXResourcesBuildPhase section */

/* Begin PBXSourcesBuildPhase section */
		26C5545B1B04E1A2006CD92D /* Sources */ = {
			isa = PBXSourcesBuildPhase;
			buildActionMask = 2147483647;
			files = (
				26C5546B1B04E1A2006CD92D /* ViewController.m in Sources */,
				26C554681B04E1A2006CD92D /* AppDelegate.m in Sources */,
				26C554651B04E1A2006CD92D /* main.m in Sources */,
			);
			runOnlyForDeploymentPostprocessing = 0;
		};
		26C554741B04E1A2006CD92D /* Sources */ = {
			isa = PBXSourcesBuildPhase;
			buildActionMask = 2147483647;
			files = (
				26C5547F1B04E1A2006CD92D /* SwitchLabbTests.m in Sources */,
			);
			runOnlyForDeploymentPostprocessing = 0;
		};
/* End PBXSourcesBuildPhase section */

/* Begin PBXTargetDependency section */
		26C5547A1B04E1A2006CD92D /* PBXTargetDependency */ = {
			isa = PBXTargetDependency;
			target = 26C5545E1B04E1A2006CD92D /* SwitchLabb */;
			targetProxy = 26C554791B04E1A2006CD92D /* PBXContainerItemProxy */;
		};
/* End PBXTargetDependency section */

/* Begin PBXVariantGroup section */
		26C5546C1B04E1A2006CD92D /* Main.storyboard */ = {
			isa = PBXVariantGroup;
			children = (
				26C5546D1B04E1A2006CD92D /* Base */,
			);
			name = Main.storyboard;
			sourceTree = "<group>";
		};
		26C554711B04E1A2006CD92D /* LaunchScreen.xib */ = {
			isa = PBXVariantGroup;
			children = (
				26C554721B04E1A2006CD92D /* Base */,
			);
			name = LaunchScreen.xib;
			sourceTree = "<group>";
		};
/* End PBXVariantGroup section */

/* Begin XCBuildConfiguration section */
		26C554801B04E1A2006CD92D /* Debug */ = {
			isa = XCBuildConfiguration;
			buildSettings = {
				ALWAYS_SEARCH_USER_PATHS = NO;
				CLANG_CXX_LANGUAGE_STANDARD = "gnu++0x";
				CLANG_CXX_LIBRARY = "libc++";
				CLANG_ENABLE_MODULES = YES;
				CLANG_ENABLE_OBJC_ARC = YES;
				CLANG_WARN_BOOL_CONVERSION = YES;
				CLANG_WARN_CONSTANT_CONVERSION = YES;
				CLANG_WARN_DIRECT_OBJC_ISA_USAGE = YES_ERROR;
				CLANG_WARN_EMPTY_BODY = YES;
				CLANG_WARN_ENUM_CONVERSION = YES;
				CLANG_WARN_INT_CONVERSION = YES;
				CLANG_WARN_OBJC_ROOT_CLASS = YES_ERROR;
				CLANG_WARN_UNREACHABLE_CODE = YES;
				CLANG_WARN__DUPLICATE_METHOD_MATCH = YES;
				"CODE_SIGN_IDENTITY[sdk=iphoneos*]" = "iPhone Developer";
				COPY_PHASE_STRIP = NO;
				DEBUG_INFORMATION_FORMAT = "dwarf-with-dsym";
				ENABLE_STRICT_OBJC_MSGSEND = YES;
				GCC_C_LANGUAGE_STANDARD = gnu99;
				GCC_DYNAMIC_NO_PIC = NO;
				GCC_NO_COMMON_BLOCKS = YES;
				GCC_OPTIMIZATION_LEVEL = 0;
				GCC_PREPROCESSOR_DEFINITIONS = (
					"DEBUG=1",
					"$(inherited)",
				);
				GCC_SYMBOLS_PRIVATE_EXTERN = NO;
				GCC_WARN_64_TO_32_BIT_CONVERSION = YES;
				GCC_WARN_ABOUT_RETURN_TYPE = YES_ERROR;
				GCC_WARN_UNDECLARED_SELECTOR = YES;
				GCC_WARN_UNINITIALIZED_AUTOS = YES_AGGRESSIVE;
				GCC_WARN_UNUSED_FUNCTION = YES;
				GCC_WARN_UNUSED_VARIABLE = YES;
				IPHONEOS_DEPLOYMENT_TARGET = 8.3;
				MTL_ENABLE_DEBUG_INFO = YES;
				ONLY_ACTIVE_ARCH = YES;
				SDKROOT = iphoneos;
			};
			name = Debug;
		};
		26C554811B04E1A2006CD92D /* Release */ = {
			isa = XCBuildConfiguration;
			buildSettings = {
				ALWAYS_SEARCH_USER_PATHS = NO;
				CLANG_CXX_LANGUAGE_STANDARD = "gnu++0x";
				CLANG_CXX_LIBRARY = "libc++";
				CLANG_ENABLE_MODULES = YES;
				CLANG_ENABLE_OBJC_ARC = YES;
				CLANG_WARN_BOOL_CONVERSION = YES;
				CLANG_WARN_CONSTANT_CONVERSION = YES;
				CLANG_WARN_DIRECT_OBJC_ISA_USAGE = YES_ERROR;
				CLANG_WARN_EMPTY_BODY = YES;
				CLANG_WARN_ENUM_CONVERSION = YES;
				CLANG_WARN_INT_CONVERSION = YES;
				CLANG_WARN_OBJC_ROOT_CLASS = YES_ERROR;
				CLANG_WARN_UNREACHABLE_CODE = YES;
				CLANG_WARN__DUPLICATE_METHOD_MATCH = YES;
				"CODE_SIGN_IDENTITY[sdk=iphoneos*]" = "iPhone Developer";
				COPY_PHASE_STRIP = NO;
				DEBUG_INFORMATION_FORMAT = "dwarf-with-dsym";
				ENABLE_NS_ASSERTIONS = NO;
				ENABLE_STRICT_OBJC_MSGSEND = YES;
				GCC_C_LANGUAGE_STANDARD = gnu99;
				GCC_NO_COMMON_BLOCKS = YES;
				GCC_WARN_64_TO_32_BIT_CONVERSION = YES;
				GCC_WARN_ABOUT_RETURN_TYPE = YES_ERROR;
				GCC_WARN_UNDECLARED_SELECTOR = YES;
				GCC_WARN_UNINITIALIZED_AUTOS = YES_AGGRESSIVE;
				GCC_WARN_UNUSED_FUNCTION = YES;
				GCC_WARN_UNUSED_VARIABLE = YES;
				IPHONEOS_DEPLOYMENT_TARGET = 8.3;
				MTL_ENABLE_DEBUG_INFO = NO;
				SDKROOT = iphoneos;
				VALIDATE_PRODUCT = YES;
			};
			name = Release;
		};
		26C554831B04E1A2006CD92D /* Debug */ = {
			isa = XCBuildConfiguration;
			buildSettings = {
				ASSETCATALOG_COMPILER_APPICON_NAME = AppIcon;
				INFOPLIST_FILE = SwitchLabb/Info.plist;
				LD_RUNPATH_SEARCH_PATHS = "$(inherited) @executable_path/Frameworks";
				PRODUCT_NAME = "$(TARGET_NAME)";
			};
			name = Debug;
		};
		26C554841B04E1A2006CD92D /* Release */ = {
			isa = XCBuildConfiguration;
			buildSettings = {
				ASSETCATALOG_COMPILER_APPICON_NAME = AppIcon;
				INFOPLIST_FILE = SwitchLabb/Info.plist;
				LD_RUNPATH_SEARCH_PATHS = "$(inherited) @executable_path/Frameworks";
				PRODUCT_NAME = "$(TARGET_NAME)";
			};
			name = Release;
		};
		26C554861B04E1A2006CD92D /* Debug */ = {
			isa = XCBuildConfiguration;
			buildSettings = {
				BUNDLE_LOADER = "$(TEST_HOST)";
				FRAMEWORK_SEARCH_PATHS = (
					"$(SDKROOT)/Developer/Library/Frameworks",
					"$(inherited)",
				);
				GCC_PREPROCESSOR_DEFINITIONS = (
					"DEBUG=1",
					"$(inherited)",
				);
				INFOPLIST_FILE = SwitchLabbTests/Info.plist;
				LD_RUNPATH_SEARCH_PATHS = "$(inherited) @executable_path/Frameworks @loader_path/Frameworks";
				PRODUCT_NAME = "$(TARGET_NAME)";
				TEST_HOST = "$(BUILT_PRODUCTS_DIR)/SwitchLabb.app/SwitchLabb";
			};
			name = Debug;
		};
		26C554871B04E1A2006CD92D /* Release */ = {
			isa = XCBuildConfiguration;
			buildSettings = {
				BUNDLE_LOADER = "$(TEST_HOST)";
				FRAMEWORK_SEARCH_PATHS = (
					"$(SDKROOT)/Developer/Library/Frameworks",
					"$(inherited)",
				);
				INFOPLIST_FILE = SwitchLabbTests/Info.plist;
				LD_RUNPATH_SEARCH_PATHS = "$(inherited) @executable_path/Frameworks @loader_path/Frameworks";
				PRODUCT_NAME = "$(TARGET_NAME)";
				TEST_HOST = "$(BUILT_PRODUCTS_DIR)/SwitchLabb.app/SwitchLabb";
			};
			name = Release;
		};
/* End XCBuildConfiguration section */

/* Begin XCConfigurationList section */
		26C5545A1B04E1A2006CD92D /* Build configuration list for PBXProject "SwitchLabb" */ = {
			isa = XCConfigurationList;
			buildConfigurations = (
				26C554801B04E1A2006CD92D /* Debug */,
				26C554811B04E1A2006CD92D /* Release */,
			);
			defaultConfigurationIsVisible = 0;
			defaultConfigurationName = Release;
		};
		26C554821B04E1A2006CD92D /* Build configuration list for PBXNativeTarget "SwitchLabb" */ = {
			isa = XCConfigurationList;
			buildConfigurations = (
				26C554831B04E1A2006CD92D /* Debug */,
				26C554841B04E1A2006CD92D /* Release */,
			);
			defaultConfigurationIsVisible = 0;
		};
		26C554851B04E1A2006CD92D /* Build configuration list for PBXNativeTarget "SwitchLabbTests" */ = {
			isa = XCConfigurationList;
			buildConfigurations = (
				26C554861B04E1A2006CD92D /* Debug */,
				26C554871B04E1A2006CD92D /* Release */,
			);
			defaultConfigurationIsVisible = 0;
		};
/* End XCConfigurationList section */
	};
	rootObject = 26C554571B04E1A2006CD92D /* Project object */;
}
